{
  "name": "example",
  "version": "0.0.0",
  "lockfileVersion": 3,
  "requires": true,
  "packages": {
    "": {
      "name": "example",
      "version": "0.0.0",
      "workspaces": [
        "components/*",
        "bases/*",
        "projects/*"
      ]
    },
    "bases/amazing-app": {
      "name": "@poly/amazing-app",
      "version": "0.0.0"
    },
    "components/server": {
      "name": "@poly/server",
      "version": "0.0.0"
    },
    "components/utils": {
      "name": "@poly/utils",
      "version": "0.0.0",
      "devDependencies": {}
    },
    "node_modules/@poly/amazing-app": {
      "resolved": "bases/amazing-app",
      "link": true
    },
    "node_modules/@poly/server": {
      "resolved": "components/server",
      "link": true
    },
    "node_modules/@poly/utils": {
      "resolved": "components/utils",
      "link": true
    },
    "node_modules/amazing-app": {
      "resolved": "projects/amazing-app",
      "link": true
    },
    "projects/amazing-app": {
      "version": "0.0.0",
      "dependencies": {
        "@poly/amazing-app": "*",
        "@poly/server": "*",
        "@poly/utils": "*"
      },
      "devDependencies": {}
    }
  }
}
