{
  "name": "example",
  "version": "0.0.0",
  "lockfileVersion": 3,
  "requires": true,
  "packages": {
    "": {
      "name": "example",
      "version": "0.0.0",
      "workspaces": [
        "components/*",
        "bases/*",
        "projects/*"
      ]
    },
    "components/server": {
      "name": "@poly/server",
      "version": "0.0.0"
    },
    "node_modules/@poly/server": {
      "resolved": "components/server",
      "link": true
    }
  }
}
